{
  "lockfileVersion": 1,
  "configVersion": 1,
  "workspaces": {
    "": {
      "name": "minify",
      "dependencies": {
        "@swc/core": "^1.16.13",
        "@swc/html": "^1.16.13",
      },
      "devDependencies": {
        "@types/bun": "^1.4.2",
        "typescript": "^7.0.2",
      },
    },
  },
  "packages": {
    "@swc/core": ["@swc/core@1.16.13", "", { "dependencies": { "@swc/counter": "^0.1.3", "@swc/types": "^0.1.28" }, "optionalDependencies": { "@swc/core-darwin-arm64": "1.16.13", "@swc/core-darwin-x64": "1.16.13", "@swc/core-linux-arm-gnueabihf": "1.16.13", "@swc/core-linux-arm64-gnu": "1.16.13", "@swc/core-linux-arm64-musl": "1.16.13", "@swc/core-linux-ppc64-gnu": "1.16.13", "@swc/core-linux-s390x-gnu": "1.16.13", "@swc/core-linux-x64-gnu": "1.16.13", "@swc/core-linux-x64-musl": "1.16.13", "@swc/core-win32-arm64-msvc": "1.16.13", "@swc/core-win32-ia32-msvc": "1.16.13", "@swc/core-win32-x64-msvc": "1.16.13" }, "peerDependencies": { "@swc/helpers": ">=0.5.17" }, "optionalPeers": ["@swc/helpers"] }, "sha512-k4uUsIMS0IwOKVsrQs48IZK75O4roV3FnuJEdL7ES+DFESftdgvz73QBqN3VUAbUmUr78We4tzG0kgYj36M22Q=="],

    "@swc/core-darwin-arm64": ["@swc/core-darwin-arm64@1.16.13", "", { "os": "darwin", "cpu": "arm64" }, "sha512-JrMH2h7ohd4mOIneNRx/diqTmCDSdWfp9uOdQ8VJ2V2CA7jOJ1jWb+qp8RoZLqgiVmwDDC7eySKB1kbvZ+jVXQ=="],

    "@swc/core-darwin-x64": ["@swc/core-darwin-x64@1.16.13", "", { "os": "darwin", "cpu": "x64" }, "sha512-HauZMRxpOImRxgY6GXjw5gbD8ts2NcPZuLMM8htY8Mic7j1Izt/lxkXrKYUwqyU56YLwQZ4dHRT+6jFHkztcag=="],

    "@swc/core-linux-arm-gnueabihf": ["@swc/core-linux-arm-gnueabihf@1.16.13", "", { "os": "linux", "cpu": "arm" }, "sha512-tUSojGIythnHJKrElDM9OvuhBnK+FF39eM9iIBgj9kdfbAm6PhAM7dKbaSDcnX2gOLG2slkasjD0Z8m/YUlzOA=="],

    "@swc/core-linux-arm64-gnu": ["@swc/core-linux-arm64-gnu@1.16.13", "", { "os": "linux", "cpu": "arm64" }, "sha512-qS3bk/ezRrLXGn1b764S/EG3/oKj6uRhnTNRAALpnuu8d9I0YwSiUkQghnX7lOH9X/yRr+qrFI3R0wAruO47Tg=="],

    "@swc/core-linux-arm64-musl": ["@swc/core-linux-arm64-musl@1.16.13", "", { "os": "linux", "cpu": "arm64" }, "sha512-aeoYoG6fQsOS3mFOuTKvnJo1aaaxYNI0aRRlhdHaGP4q1YQx4XOc5Hkd35IFduWCBG3eZl3fPTjRuYvxpl7eTA=="],

    "@swc/core-linux-ppc64-gnu": ["@swc/core-linux-ppc64-gnu@1.16.13", "", { "os": "linux", "cpu": "ppc64" }, "sha512-eEFoueZXWZ2S1lsqL8Ve2C8RjhzH9+Ktj8U4IGTUQL6CNG04+VhQiYQWJOf5xfVBU6I+PbH80yvsYegqZOOSZQ=="],

    "@swc/core-linux-s390x-gnu": ["@swc/core-linux-s390x-gnu@1.16.13", "", { "os": "linux", "cpu": "s390x" }, "sha512-K0q1ReVXL3d5bzBgZxS+yJq5q2xRjg4k2XXGj9yiCEpE5ZqJGQ4Gtk1sRrk8W2lo3KY0DCJD3Myt6x2SMvGArQ=="],

    "@swc/core-linux-x64-gnu": ["@swc/core-linux-x64-gnu@1.16.13", "", { "os": "linux", "cpu": "x64" }, "sha512-Qvpihw30irhIjy2f91BR1pamcJBCgf8hmr9XWenztAX1YLkneRkkTB/PFGWQubhaBqQhY2uZKViMj/xV61uMBQ=="],

    "@swc/core-linux-x64-musl": ["@swc/core-linux-x64-musl@1.16.13", "", { "os": "linux", "cpu": "x64" }, "sha512-iCGxHbh3Cq5vqRvCPlw3XkkDz4RlkPSyQwfFKbOKTMj5tiEuojY/rLmf4BMfI9Z8yPJTf9VB07t3NbKInoC97g=="],

    "@swc/core-win32-arm64-msvc": ["@swc/core-win32-arm64-msvc@1.16.13", "", { "os": "win32", "cpu": "arm64" }, "sha512-iOabn6cd+hg3cnoKlAC8j3Yufv8nQHBVU5OIDX8dCPA95PjAZ0B0TlDn9sWivk8ezo/cLJux7p9n0B9vRej+1Q=="],

    "@swc/core-win32-ia32-msvc": ["@swc/core-win32-ia32-msvc@1.16.13", "", { "os": "win32", "cpu": "ia32" }, "sha512-+1b/3xBNuVbpnJIZUCAaSdscOPYRWq85eohKx44y/3qbPp56UMiCJWBiWtyr7K5F1nf1JENXm2IBSEJaLgWq6Q=="],

    "@swc/core-win32-x64-msvc": ["@swc/core-win32-x64-msvc@1.16.13", "", { "os": "win32", "cpu": "x64" }, "sha512-6kEJhYshk7OVoVIWryiHqjCNuwZeOlPTS6et+bKV/WhtHs8fLA01wyTLrQGi+4ultgRe/o0M4b25K/KKdvl0dQ=="],

    "@swc/counter": ["@swc/counter@0.1.3", "", {}, "sha512-e2BR4lsJkkRlKZ/qCHPw9ZaSxc0MVUd7gtbtaB7aMvHeJVYe8sOB8DBZkP2DtISHGSku9sCK6T6cnY0CtXrOCQ=="],

    "@swc/html": ["@swc/html@1.16.13", "", { "dependencies": { "@swc/counter": "^0.1.3" }, "optionalDependencies": { "@swc/html-darwin-arm64": "1.16.13", "@swc/html-darwin-x64": "1.16.13", "@swc/html-linux-arm-gnueabihf": "1.16.13", "@swc/html-linux-arm64-gnu": "1.16.13", "@swc/html-linux-arm64-musl": "1.16.13", "@swc/html-linux-ppc64-gnu": "1.16.13", "@swc/html-linux-s390x-gnu": "1.16.13", "@swc/html-linux-x64-gnu": "1.16.13", "@swc/html-linux-x64-musl": "1.16.13", "@swc/html-win32-arm64-msvc": "1.16.13", "@swc/html-win32-ia32-msvc": "1.16.13", "@swc/html-win32-x64-msvc": "1.16.13" } }, "sha512-zBkWXiksdWdFkM46CQuMoJiq1Wic5Kj9SWPazxHHgXZyjdaTESAkmLPt3AKp80qQPTmXk4hE4CKvva+Ls0t5Rg=="],

    "@swc/html-darwin-arm64": ["@swc/html-darwin-arm64@1.16.13", "", { "os": "darwin", "cpu": "arm64" }, "sha512-ah+W37P6vvbR3778r1f2ES4UJ3VUeHF1OMyCMsMUsxScHfjusP2xTK1ND1NTFLE5/uqZvniFZ0FTKezmasw5mw=="],

    "@swc/html-darwin-x64": ["@swc/html-darwin-x64@1.16.13", "", { "os": "darwin", "cpu": "x64" }, "sha512-vnWXBHUuvEUt+SUXjWP059RXJNxrTESuhjWSN7DHVGzekCWGftdayzz08/iouVDwVP1xpc+KjnONcF1JDjiieg=="],

    "@swc/html-linux-arm-gnueabihf": ["@swc/html-linux-arm-gnueabihf@1.16.13", "", { "os": "linux", "cpu": "arm" }, "sha512-AeJETHDNjpQ/h0H3eenCvUXmSeix5DFKAdqVPQqOYjL6HSNZ3dJTjz/sr8aKIJLznYs5Cc/jRTc0KxvjjwqSAQ=="],

    "@swc/html-linux-arm64-gnu": ["@swc/html-linux-arm64-gnu@1.16.13", "", { "os": "linux", "cpu": "arm64" }, "sha512-N0rho3bbFSva00yZQTfsmzOQFZEu+QP27O4Z4dSKi1Ix2tn2LH3xh/osMymXvC3JvN5cOMpfcnXxgxam1sOWBA=="],

    "@swc/html-linux-arm64-musl": ["@swc/html-linux-arm64-musl@1.16.13", "", { "os": "linux", "cpu": "arm64" }, "sha512-VsU3rBE25ex5C3JNx9vGvj8crHCEnwL1peKW200sNTCOTTMFaCAHCKjq5ws/oUlq+XqAEGoFkOgZ18TEyNLz4g=="],

    "@swc/html-linux-ppc64-gnu": ["@swc/html-linux-ppc64-gnu@1.16.13", "", { "os": "linux", "cpu": "ppc64" }, "sha512-pBbdxUM0TtBMCD5saaPI7G0pqiaFOGcED1cNBzXnsb1YA8gHWJzm0UtY/AhKEkBcw0E8JJBewMw5zHO59xCEeQ=="],

    "@swc/html-linux-s390x-gnu": ["@swc/html-linux-s390x-gnu@1.16.13", "", { "os": "linux", "cpu": "s390x" }, "sha512-6Qp/l/3P2MQFwX4TCUfw4gSJZSBVhKHtFuw1rYIJw9ffyLuBRvn7+hqo33KU0EDRYqIp9uH0AUhWq08/oFNGFQ=="],

    "@swc/html-linux-x64-gnu": ["@swc/html-linux-x64-gnu@1.16.13", "", { "os": "linux", "cpu": "x64" }, "sha512-7iPcqY2kZArBRZigMmHUz9U3Z7uMePOsy7XkYEGhRrWfWx6n/90slerhaytLMYCYTZMIhrpAqT9KVkIygW6sUg=="],

    "@swc/html-linux-x64-musl": ["@swc/html-linux-x64-musl@1.16.13", "", { "os": "linux", "cpu": "x64" }, "sha512-pSVH8LfTAuEsu5CeKbynl5FQTFAa06Lc/k51iMKvCmVJeuqRf3NCtuU3WxPAWv0BhU2wDIU7sY9Gfq9osEN8KQ=="],

    "@swc/html-win32-arm64-msvc": ["@swc/html-win32-arm64-msvc@1.16.13", "", { "os": "win32", "cpu": "arm64" }, "sha512-ahGzL7v5ZgKP9C/WalQB6ebPV0CRpNylRBuEzEkyMmXPb8EkMUvRT0lgiR8PmdTlecjcA03njyCdxtTVZUEcJA=="],

    "@swc/html-win32-ia32-msvc": ["@swc/html-win32-ia32-msvc@1.16.13", "", { "os": "win32", "cpu": "ia32" }, "sha512-qsQBRIXusSxXNOWBTHAZdkgasU56NDolKxx1enaWT3IPKsHyAPaVmQt4vV4Htf8nsYmLj6C7Ad97hjnQzawBCg=="],

    "@swc/html-win32-x64-msvc": ["@swc/html-win32-x64-msvc@1.16.13", "", { "os": "win32", "cpu": "x64" }, "sha512-D6ScrzmTFhvcLWwzIXjtzrYSuPR+QyRzwJXl4cHin5wvc2E+ljRhIiXcmdUOcexJu4RRWuEmugRGom7abs3xsw=="],

    "@swc/types": ["@swc/types@0.1.28", "", { "dependencies": { "@swc/counter": "^0.1.3" } }, "sha512-V6Mnml8v09QALx6K0elJ7o9K/MkVDtW3t6L+7Ou/JcWtb3xwId2AH4FeOceySd2JaO87IMw4+6vSZxLm34LPbw=="],

    "@types/bun": ["@types/bun@1.4.2", "", { "dependencies": { "bun-types": "1.4.2" } }, "sha512-GimotNn7+ZV0uVArItBbriZsR1oNf0+WTzPkdcFrzShI7k2norL0uzEaJT8T33dWr7O/c9ZDuAFQrctKCi72oQ=="],

    "@types/node": ["@types/node@26.6.4", "", { "dependencies": { "undici-types": "~8.9.0" } }, "sha512-ldVPDCzj7fsaGZrLB0NuHuTvJcsNasysBAqMolr/cgxrLd1xbqxIr3XJiPnHHJUCxj5sNF1vnRj9aWnrVh5Jcg=="],

    "@typescript/typescript-aix-ppc64": ["@typescript/typescript-aix-ppc64@7.0.2", "", { "os": "aix", "cpu": "ppc64" }, "sha512-MTKKkWB7p/0E9xi1d1tHtZ5PiLkGEMIq88pK2CubZjOsLtYTLqhgIgi6zepFa+9GHZ6h05NMCkQxGKiPXMxXtQ=="],

    "@typescript/typescript-darwin-arm64": ["@typescript/typescript-darwin-arm64@7.0.2", "", { "os": "darwin", "cpu": "arm64" }, "sha512-gowzar9MwS/aRWp6f3a4KUqzRjAZjOsmGNCM6LcTgXum+dBfgsBVMN+AgvOCCbguXyick6LJhpBszxMebJ8syA=="],

    "@typescript/typescript-darwin-x64": ["@typescript/typescript-darwin-x64@7.0.2", "", { "os": "darwin", "cpu": "x64" }, "sha512-SZ9xZInqApNlNGc9s0W1VSsktYSOe9cFqNOIqmN1Gs8SmkjKZYFt017G4VwPxASInODuAdbTW7sXiFUf893RgA=="],

    "@typescript/typescript-freebsd-arm64": ["@typescript/typescript-freebsd-arm64@7.0.2", "", { "os": "freebsd", "cpu": "arm64" }, "sha512-W5NH4y/J0plIIS5b2xvTEkU7JFxyqdMAOgf+Ilhl0vHQXKO5dZoxd+C/jEtq56c4F3wk71RB4BMRQ2XdI+bwYQ=="],

    "@typescript/typescript-freebsd-x64": ["@typescript/typescript-freebsd-x64@7.0.2", "", { "os": "freebsd", "cpu": "x64" }, "sha512-UMGDx5sTpzNw3WiPebH7l90IWfJggEd+egHt/q6p7/Cm3zqoV7VxkGXt+3DxPIw8CcmvAB0j3sVVfbhX+M4Tpw=="],

    "@typescript/typescript-linux-arm": ["@typescript/typescript-linux-arm@7.0.2", "", { "os": "linux", "cpu": "arm" }, "sha512-gffT3xPz9sR7j/YJExkyPntrI0P2EP9XbOyWzth2/Gs0RstK+90RBcO0ncXoXy/beYll1SXw846Nf2zdnEz0QQ=="],

    "@typescript/typescript-linux-arm64": ["@typescript/typescript-linux-arm64@7.0.2", "", { "os": "linux", "cpu": "arm64" }, "sha512-Qh4eU4/y3yDjnfjjyPYihMj5/ODIlmt+Bzu17OI+fiSRDW57QmU5SiN63exPRNJPKUzcc1INa1NXdrJ+MqHjUQ=="],

    "@typescript/typescript-linux-loong64": ["@typescript/typescript-linux-loong64@7.0.2", "", { "os": "linux", "cpu": "none" }, "sha512-uEHck9i8hoAzXPiYRib1O7miOnz23SxIeVl6F4LXox+qov1K35jHcEW6VHKvZI+pyvl7fZEP4MCU5LYvIq1GuQ=="],

    "@typescript/typescript-linux-mips64el": ["@typescript/typescript-linux-mips64el@7.0.2", "", { "os": "linux", "cpu": "none" }, "sha512-R4KvAMnE43W5Qeqb0Ly56O3mWMWIAgsMyz36DCaycd5nbg/9kzm0liw3JocfRqyJY0KPmzFjbswozXyW0DnIYA=="],

    "@typescript/typescript-linux-ppc64": ["@typescript/typescript-linux-ppc64@7.0.2", "", { "os": "linux", "cpu": "ppc64" }, "sha512-DORx5b3sd/4S7eayxm4FQv+A7CrkUIGRaHiwI8oiHTAI1fAPWhF4J0vAlkC8biAlHSVVwxMQ3tjZ2/DVbnQiiA=="],

    "@typescript/typescript-linux-riscv64": ["@typescript/typescript-linux-riscv64@7.0.2", "", { "os": "linux", "cpu": "none" }, "sha512-wf0jqEDOjrPRnKwYRyyJDRo11KMbvMFrU+q4zqKyChODBzvlkbhNQfKvLxQCcwTpdDaXSHZTVuh0JoCrKCUMHQ=="],

    "@typescript/typescript-linux-s390x": ["@typescript/typescript-linux-s390x@7.0.2", "", { "os": "linux", "cpu": "s390x" }, "sha512-IkwJc3L7yhytWd/ewjyxNDfOmswCm9GWMJT/ue/dU4aZNbwZeYAetq42VyLmsmSjvoX7z74X6ZaYCtzAr0EuGw=="],

    "@typescript/typescript-linux-x64": ["@typescript/typescript-linux-x64@7.0.2", "", { "os": "linux", "cpu": "x64" }, "sha512-EYdf2cNg7rgCWJnxCdJ+F3V39O8ihb37eHAu1LK8oAFizgTQbPOK7zHHXbPt8rX24COqODXeI3sIf0fCXG7H/A=="],

    "@typescript/typescript-netbsd-arm64": ["@typescript/typescript-netbsd-arm64@7.0.2", "", { "os": "none", "cpu": "arm64" }, "sha512-+polYF4MF04aPpO5FTkHran9yUQDSXqy5GiSDKpsll5jy3l3+g9QLhpf39T+ePtefhXLOGrLl0QIjkQP6VnelA=="],

    "@typescript/typescript-netbsd-x64": ["@typescript/typescript-netbsd-x64@7.0.2", "", { "os": "none", "cpu": "x64" }, "sha512-8YIT0EHM/3dq10ZOVF/A7pc/YSMtbcecct4rWtexrnSCHOPcpC2KTLXfTCR6vDpnSiY12heNb1GiN/wu+T/FyA=="],

    "@typescript/typescript-openbsd-arm64": ["@typescript/typescript-openbsd-arm64@7.0.2", "", { "os": "openbsd", "cpu": "arm64" }, "sha512-APT8+ClYnuYm1u9+kgGXoMj2VzWzcymwh2gNSQVySHfkRDGOTVkoWLjCmOQSaO+PoqQ57B0flRp9SA+7GnnkzQ=="],

    "@typescript/typescript-openbsd-x64": ["@typescript/typescript-openbsd-x64@7.0.2", "", { "os": "openbsd", "cpu": "x64" }, "sha512-yX7s+Q0Dln0Dt9tEzZsAjXXR/+ytBM7AlglaqyeMPxQszJ1JhlJdZ6jLA+IzldHtflX81em7lDao1xXu+aRRkg=="],

    "@typescript/typescript-sunos-x64": ["@typescript/typescript-sunos-x64@7.0.2", "", { "os": "sunos", "cpu": "x64" }, "sha512-dLJDGaLZ1D4HPQn62u1n8mBDkJREwMsAkCdkwd4Ieqw+x3TUyTsqY0YiBCtE6H6OzzgGk3iuZ3vFWRS+E8/d1g=="],

    "@typescript/typescript-win32-arm64": ["@typescript/typescript-win32-arm64@7.0.2", "", { "os": "win32", "cpu": "arm64" }, "sha512-Gyl1Vy6OsWesLzmq+EP0Fb7b4Nid5232AvcA2SFcdYreldpNtYFFofPjnt62y9hQy7VTaZp65ICJjuAQRaVcIQ=="],

    "@typescript/typescript-win32-x64": ["@typescript/typescript-win32-x64@7.0.2", "", { "os": "win32", "cpu": "x64" }, "sha512-0BQ3HkAHHlKLSp1qRvf3SUhGpGsDuhB/jgFw75guyqbxJqEaS0Cw/VFO8i2nHglJUzQCRtMMR/IBAKE3ETMC4g=="],

    "bun-types": ["bun-types@1.4.2", "", { "dependencies": { "@types/node": "*" } }, "sha512-bxV1FgK7yBIzjRe5zBozIM4Bem11ZJcCXSrjWRG3YWLt8yFDePu4cLjpebO8OvPeIE9trbyPF4fuj3Cia4Fj3w=="],

    "typescript": ["typescript@7.0.2", "", { "optionalDependencies": { "@typescript/typescript-aix-ppc64": "7.0.2", "@typescript/typescript-darwin-arm64": "7.0.2", "@typescript/typescript-darwin-x64": "7.0.2", "@typescript/typescript-freebsd-arm64": "7.0.2", "@typescript/typescript-freebsd-x64": "7.0.2", "@typescript/typescript-linux-arm": "7.0.2", "@typescript/typescript-linux-arm64": "7.0.2", "@typescript/typescript-linux-loong64": "7.0.2", "@typescript/typescript-linux-mips64el": "7.0.2", "@typescript/typescript-linux-ppc64": "7.0.2", "@typescript/typescript-linux-riscv64": "7.0.2", "@typescript/typescript-linux-s390x": "7.0.2", "@typescript/typescript-linux-x64": "7.0.2", "@typescript/typescript-netbsd-arm64": "7.0.2", "@typescript/typescript-netbsd-x64": "7.0.2", "@typescript/typescript-openbsd-arm64": "7.0.2", "@typescript/typescript-openbsd-x64": "7.0.2", "@typescript/typescript-sunos-x64": "7.0.2", "@typescript/typescript-win32-arm64": "7.0.2", "@typescript/typescript-win32-x64": "7.0.2" }, "bin": { "tsc": "bin/tsc" } }, "sha512-8FYau96o3NKOhbjKi/qNvG/W5jhzxkbdm5sj9AbZ/5T5sWqn3hJgLfGx27sRKZWTvyzCP8dLRBTf5tBTSRVUNA=="],

    "undici-types": ["undici-types@8.9.0", "", {}, "sha512-KTDyRTYX8sWmKXAikPHHSyc63CRPETMctyjKFupcC6OBLXT3xsN0e9aF7m+mIXutFWpUXuedtowG7iLOzp0kQg=="],
  }
}
